
Microsoft Visual Studio Solution File, Format Version 12.00
# Visual Studio Version 17
VisualStudioVersion = 17.0.31903.59
MinimumVisualStudioVersion = 10.0.40219.1
Project("{2150E333-8FDC-42A3-9474-1A3956D46DE8}") = "src", "src", "{827E0CD3-B72D-47B6-A68D-7590B98EB39B}"
EndProject
Project("{2150E333-8FDC-42A3-9474-1A3956D46DE8}") = "Services", "Services", "{984BB9B3-3FA3-BE33-9484-CAC21695A33C}"
EndProject
Project("{2150E333-8FDC-42A3-9474-1A3956D46DE8}") = "Product", "Product", "{374CED38-7421-B0F7-DFE2-3AF3B9F49E7C}"
EndProject
Project("{FAE04EC0-301F-11D3-BF4B-00C04F79EFBC}") = "Product.API", "src\Services\Product\Product.API\Product.API.csproj", "{687E48F0-5AA8-47E4-BE19-5D00A2F3B4CD}"
EndProject
Project("{FAE04EC0-301F-11D3-BF4B-00C04F79EFBC}") = "Product.Application", "src\Services\Product\Product.Application\Product.Application.csproj", "{6F85755D-A6EF-45A0-9E27-DBFE862DA0EE}"
EndProject
Project("{FAE04EC0-301F-11D3-BF4B-00C04F79EFBC}") = "Product.Domain", "src\Services\Product\Product.Domain\Product.Domain.csproj", "{17B469D7-1156-406E-82E7-5C57EBA6DDDD}"
EndProject
Project("{FAE04EC0-301F-11D3-BF4B-00C04F79EFBC}") = "Product.Infrastructure", "src\Services\Product\Product.Infrastructure\Product.Infrastructure.csproj", "{CA4EFD1F-99A8-4B6A-A5E2-3C8D790DE4FF}"
EndProject
Project("{2150E333-8FDC-42A3-9474-1A3956D46DE8}") = "Payment", "Payment", "{3FB03296-F262-2760-9861-73C41AF3766C}"
EndProject
Project("{FAE04EC0-301F-11D3-BF4B-00C04F79EFBC}") = "Payment.API", "src\Services\Payment\Payment.API\Payment.API.csproj", "{90AEA8A9-CC25-45EB-8A1B-C3CDFDBD98BF}"
EndProject
Project("{FAE04EC0-301F-11D3-BF4B-00C04F79EFBC}") = "Payment.Application", "src\Services\Payment\Payment.Application\Payment.Application.csproj", "{9B799504-0FC4-4C20-8683-A0DB197B3C64}"
EndProject
Project("{FAE04EC0-301F-11D3-BF4B-00C04F79EFBC}") = "Payment.Domain", "src\Services\Payment\Payment.Domain\Payment.Domain.csproj", "{332E5EED-DAF6-4A39-AF91-8150AE0F57B7}"
EndProject
Project("{FAE04EC0-301F-11D3-BF4B-00C04F79EFBC}") = "Payment.Infrastructure", "src\Services\Payment\Payment.Infrastructure\Payment.Infrastructure.csproj", "{D26F3691-7A23-44F5-B46C-5294FD0DA456}"
EndProject
Project("{2150E333-8FDC-42A3-9474-1A3956D46DE8}") = "Order", "Order", "{B851199A-4979-E597-3D50-97AC5992BBAF}"
EndProject
Project("{FAE04EC0-301F-11D3-BF4B-00C04F79EFBC}") = "Order.API", "src\Services\Order\Order.API\Order.API.csproj", "{D1230C1B-631B-4983-A2C2-835CAF1EC1B8}"
EndProject
Project("{FAE04EC0-301F-11D3-BF4B-00C04F79EFBC}") = "Order.Application", "src\Services\Order\Order.Application\Order.Application.csproj", "{8B17186A-F2E3-4375-B796-3B1B9277B49E}"
EndProject
Project("{FAE04EC0-301F-11D3-BF4B-00C04F79EFBC}") = "Order.Domain", "src\Services\Order\Order.Domain\Order.Domain.csproj", "{A5468581-8513-47DE-825B-494C488E57FD}"
EndProject
Project("{FAE04EC0-301F-11D3-BF4B-00C04F79EFBC}") = "Order.Infrastructure", "src\Services\Order\Order.Infrastructure\Order.Infrastructure.csproj", "{FB0DDA41-3734-4331-B605-BE7BCA7497EF}"
EndProject
Global
	GlobalSection(SolutionConfigurationPlatforms) = preSolution
		Debug|Any CPU = Debug|Any CPU
		Debug|x64 = Debug|x64
		Debug|x86 = Debug|x86
		Release|Any CPU = Release|Any CPU
		Release|x64 = Release|x64
		Release|x86 = Release|x86
	EndGlobalSection
	GlobalSection(ProjectConfigurationPlatforms) = postSolution
		{687E48F0-5AA8-47E4-BE19-5D00A2F3B4CD}.Debug|Any CPU.ActiveCfg = Debug|Any CPU
		{687E48F0-5AA8-47E4-BE19-5D00A2F3B4CD}.Debug|Any CPU.Build.0 = Debug|Any CPU
		{687E48F0-5AA8-47E4-BE19-5D00A2F3B4CD}.Debug|x64.ActiveCfg = Debug|Any CPU
		{687E48F0-5AA8-47E4-BE19-5D00A2F3B4CD}.Debug|x64.Build.0 = Debug|Any CPU
		{687E48F0-5AA8-47E4-BE19-5D00A2F3B4CD}.Debug|x86.ActiveCfg = Debug|Any CPU
		{687E48F0-5AA8-47E4-BE19-5D00A2F3B4CD}.Debug|x86.Build.0 = Debug|Any CPU
		{687E48F0-5AA8-47E4-BE19-5D00A2F3B4CD}.Release|Any CPU.ActiveCfg = Release|Any CPU
		{687E48F0-5AA8-47E4-BE19-5D00A2F3B4CD}.Release|Any CPU.Build.0 = Release|Any CPU
		{687E48F0-5AA8-47E4-BE19-5D00A2F3B4CD}.Release|x64.ActiveCfg = Release|Any CPU
		{687E48F0-5AA8-47E4-BE19-5D00A2F3B4CD}.Release|x64.Build.0 = Release|Any CPU
		{687E48F0-5AA8-47E4-BE19-5D00A2F3B4CD}.Release|x86.ActiveCfg = Release|Any CPU
		{687E48F0-5AA8-47E4-BE19-5D00A2F3B4CD}.Release|x86.Build.0 = Release|Any CPU
		{6F85755D-A6EF-45A0-9E27-DBFE862DA0EE}.Debug|Any CPU.ActiveCfg = Debug|Any CPU
		{6F85755D-A6EF-45A0-9E27-DBFE862DA0EE}.Debug|Any CPU.Build.0 = Debug|Any CPU
		{6F85755D-A6EF-45A0-9E27-DBFE862DA0EE}.Debug|x64.ActiveCfg = Debug|Any CPU
		{6F85755D-A6EF-45A0-9E27-DBFE862DA0EE}.Debug|x64.Build.0 = Debug|Any CPU
		{6F85755D-A6EF-45A0-9E27-DBFE862DA0EE}.Debug|x86.ActiveCfg = Debug|Any CPU
		{6F85755D-A6EF-45A0-9E27-DBFE862DA0EE}.Debug|x86.Build.0 = Debug|Any CPU
		{6F85755D-A6EF-45A0-9E27-DBFE862DA0EE}.Release|Any CPU.ActiveCfg = Release|Any CPU
		{6F85755D-A6EF-45A0-9E27-DBFE862DA0EE}.Release|Any CPU.Build.0 = Release|Any CPU
		{6F85755D-A6EF-45A0-9E27-DBFE862DA0EE}.Release|x64.ActiveCfg = Release|Any CPU
		{6F85755D-A6EF-45A0-9E27-DBFE862DA0EE}.Release|x64.Build.0 = Release|Any CPU
		{6F85755D-A6EF-45A0-9E27-DBFE862DA0EE}.Release|x86.ActiveCfg = Release|Any CPU
		{6F85755D-A6EF-45A0-9E27-DBFE862DA0EE}.Release|x86.Build.0 = Release|Any CPU
		{17B469D7-1156-406E-82E7-5C57EBA6DDDD}.Debug|Any CPU.ActiveCfg = Debug|Any CPU
		{17B469D7-1156-406E-82E7-5C57EBA6DDDD}.Debug|Any CPU.Build.0 = Debug|Any CPU
		{17B469D7-1156-406E-82E7-5C57EBA6DDDD}.Debug|x64.ActiveCfg = Debug|Any CPU
		{17B469D7-1156-406E-82E7-5C57EBA6DDDD}.Debug|x64.Build.0 = Debug|Any CPU
		{17B469D7-1156-406E-82E7-5C57EBA6DDDD}.Debug|x86.ActiveCfg = Debug|Any CPU
		{17B469D7-1156-406E-82E7-5C57EBA6DDDD}.Debug|x86.Build.0 = Debug|Any CPU
		{17B469D7-1156-406E-82E7-5C57EBA6DDDD}.Release|Any CPU.ActiveCfg = Release|Any CPU
		{17B469D7-1156-406E-82E7-5C57EBA6DDDD}.Release|Any CPU.Build.0 = Release|Any CPU
		{17B469D7-1156-406E-82E7-5C57EBA6DDDD}.Release|x64.ActiveCfg = Release|Any CPU
		{17B469D7-1156-406E-82E7-5C57EBA6DDDD}.Release|x64.Build.0 = Release|Any CPU
		{17B469D7-1156-406E-82E7-5C57EBA6DDDD}.Release|x86.ActiveCfg = Release|Any CPU
		{17B469D7-1156-406E-82E7-5C57EBA6DDDD}.Release|x86.Build.0 = Release|Any CPU
		{CA4EFD1F-99A8-4B6A-A5E2-3C8D790DE4FF}.Debug|Any CPU.ActiveCfg = Debug|Any CPU
		{CA4EFD1F-99A8-4B6A-A5E2-3C8D790DE4FF}.Debug|Any CPU.Build.0 = Debug|Any CPU
		{CA4EFD1F-99A8-4B6A-A5E2-3C8D790DE4FF}.Debug|x64.ActiveCfg = Debug|Any CPU
		{CA4EFD1F-99A8-4B6A-A5E2-3C8D790DE4FF}.Debug|x64.Build.0 = Debug|Any CPU
		{CA4EFD1F-99A8-4B6A-A5E2-3C8D790DE4FF}.Debug|x86.ActiveCfg = Debug|Any CPU
		{CA4EFD1F-99A8-4B6A-A5E2-3C8D790DE4FF}.Debug|x86.Build.0 = Debug|Any CPU
		{CA4EFD1F-99A8-4B6A-A5E2-3C8D790DE4FF}.Release|Any CPU.ActiveCfg = Release|Any CPU
		{CA4EFD1F-99A8-4B6A-A5E2-3C8D790DE4FF}.Release|Any CPU.Build.0 = Release|Any CPU
		{CA4EFD1F-99A8-4B6A-A5E2-3C8D790DE4FF}.Release|x64.ActiveCfg = Release|Any CPU
		{CA4EFD1F-99A8-4B6A-A5E2-3C8D790DE4FF}.Release|x64.Build.0 = Release|Any CPU
		{CA4EFD1F-99A8-4B6A-A5E2-3C8D790DE4FF}.Release|x86.ActiveCfg = Release|Any CPU
		{CA4EFD1F-99A8-4B6A-A5E2-3C8D790DE4FF}.Release|x86.Build.0 = Release|Any CPU
		{90AEA8A9-CC25-45EB-8A1B-C3CDFDBD98BF}.Debug|Any CPU.ActiveCfg = Debug|Any CPU
		{90AEA8A9-CC25-45EB-8A1B-C3CDFDBD98BF}.Debug|Any CPU.Build.0 = Debug|Any CPU
		{90AEA8A9-CC25-45EB-8A1B-C3CDFDBD98BF}.Debug|x64.ActiveCfg = Debug|Any CPU
		{90AEA8A9-CC25-45EB-8A1B-C3CDFDBD98BF}.Debug|x64.Build.0 = Debug|Any CPU
		{90AEA8A9-CC25-45EB-8A1B-C3CDFDBD98BF}.Debug|x86.ActiveCfg = Debug|Any CPU
		{90AEA8A9-CC25-45EB-8A1B-C3CDFDBD98BF}.Debug|x86.Build.0 = Debug|Any CPU
		{90AEA8A9-CC25-45EB-8A1B-C3CDFDBD98BF}.Release|Any CPU.ActiveCfg = Release|Any CPU
		{90AEA8A9-CC25-45EB-8A1B-C3CDFDBD98BF}.Release|Any CPU.Build.0 = Release|Any CPU
		{90AEA8A9-CC25-45EB-8A1B-C3CDFDBD98BF}.Release|x64.ActiveCfg = Release|Any CPU
		{90AEA8A9-CC25-45EB-8A1B-C3CDFDBD98BF}.Release|x64.Build.0 = Release|Any CPU
		{90AEA8A9-CC25-45EB-8A1B-C3CDFDBD98BF}.Release|x86.ActiveCfg = Release|Any CPU
		{90AEA8A9-CC25-45EB-8A1B-C3CDFDBD98BF}.Release|x86.Build.0 = Release|Any CPU
		{9B799504-0FC4-4C20-8683-A0DB197B3C64}.Debug|Any CPU.ActiveCfg = Debug|Any CPU
		{9B799504-0FC4-4C20-8683-A0DB197B3C64}.Debug|Any CPU.Build.0 = Debug|Any CPU
		{9B799504-0FC4-4C20-8683-A0DB197B3C64}.Debug|x64.ActiveCfg = Debug|Any CPU
		{9B799504-0FC4-4C20-8683-A0DB197B3C64}.Debug|x64.Build.0 = Debug|Any CPU
		{9B799504-0FC4-4C20-8683-A0DB197B3C64}.Debug|x86.ActiveCfg = Debug|Any CPU
		{9B799504-0FC4-4C20-8683-A0DB197B3C64}.Debug|x86.Build.0 = Debug|Any CPU
		{9B799504-0FC4-4C20-8683-A0DB197B3C64}.Release|Any CPU.ActiveCfg = Release|Any CPU
		{9B799504-0FC4-4C20-8683-A0DB197B3C64}.Release|Any CPU.Build.0 = Release|Any CPU
		{9B799504-0FC4-4C20-8683-A0DB197B3C64}.Release|x64.ActiveCfg = Release|Any CPU
		{9B799504-0FC4-4C20-8683-A0DB197B3C64}.Release|x64.Build.0 = Release|Any CPU
		{9B799504-0FC4-4C20-8683-A0DB197B3C64}.Release|x86.ActiveCfg = Release|Any CPU
		{9B799504-0FC4-4C20-8683-A0DB197B3C64}.Release|x86.Build.0 = Release|Any CPU
		{332E5EED-DAF6-4A39-AF91-8150AE0F57B7}.Debug|Any CPU.ActiveCfg = Debug|Any CPU
		{332E5EED-DAF6-4A39-AF91-8150AE0F57B7}.Debug|Any CPU.Build.0 = Debug|Any CPU
		{332E5EED-DAF6-4A39-AF91-8150AE0F57B7}.Debug|x64.ActiveCfg = Debug|Any CPU
		{332E5EED-DAF6-4A39-AF91-8150AE0F57B7}.Debug|x64.Build.0 = Debug|Any CPU
		{332E5EED-DAF6-4A39-AF91-8150AE0F57B7}.Debug|x86.ActiveCfg = Debug|Any CPU
		{332E5EED-DAF6-4A39-AF91-8150AE0F57B7}.Debug|x86.Build.0 = Debug|Any CPU
		{332E5EED-DAF6-4A39-AF91-8150AE0F57B7}.Release|Any CPU.ActiveCfg = Release|Any CPU
		{332E5EED-DAF6-4A39-AF91-8150AE0F57B7}.Release|Any CPU.Build.0 = Release|Any CPU
		{332E5EED-DAF6-4A39-AF91-8150AE0F57B7}.Release|x64.ActiveCfg = Release|Any CPU
		{332E5EED-DAF6-4A39-AF91-8150AE0F57B7}.Release|x64.Build.0 = Release|Any CPU
		{332E5EED-DAF6-4A39-AF91-8150AE0F57B7}.Release|x86.ActiveCfg = Release|Any CPU
		{332E5EED-DAF6-4A39-AF91-8150AE0F57B7}.Release|x86.Build.0 = Release|Any CPU
		{D26F3691-7A23-44F5-B46C-5294FD0DA456}.Debug|Any CPU.ActiveCfg = Debug|Any CPU
		{D26F3691-7A23-44F5-B46C-5294FD0DA456}.Debug|Any CPU.Build.0 = Debug|Any CPU
		{D26F3691-7A23-44F5-B46C-5294FD0DA456}.Debug|x64.ActiveCfg = Debug|Any CPU
		{D26F3691-7A23-44F5-B46C-5294FD0DA456}.Debug|x64.Build.0 = Debug|Any CPU
		{D26F3691-7A23-44F5-B46C-5294FD0DA456}.Debug|x86.ActiveCfg = Debug|Any CPU
		{D26F3691-7A23-44F5-B46C-5294FD0DA456}.Debug|x86.Build.0 = Debug|Any CPU
		{D26F3691-7A23-44F5-B46C-5294FD0DA456}.Release|Any CPU.ActiveCfg = Release|Any CPU
		{D26F3691-7A23-44F5-B46C-5294FD0DA456}.Release|Any CPU.Build.0 = Release|Any CPU
		{D26F3691-7A23-44F5-B46C-5294FD0DA456}.Release|x64.ActiveCfg = Release|Any CPU
		{D26F3691-7A23-44F5-B46C-5294FD0DA456}.Release|x64.Build.0 = Release|Any CPU
		{D26F3691-7A23-44F5-B46C-5294FD0DA456}.Release|x86.ActiveCfg = Release|Any CPU
		{D26F3691-7A23-44F5-B46C-5294FD0DA456}.Release|x86.Build.0 = Release|Any CPU
		{D1230C1B-631B-4983-A2C2-835CAF1EC1B8}.Debug|Any CPU.ActiveCfg = Debug|Any CPU
		{D1230C1B-631B-4983-A2C2-835CAF1EC1B8}.Debug|Any CPU.Build.0 = Debug|Any CPU
		{D1230C1B-631B-4983-A2C2-835CAF1EC1B8}.Debug|x64.ActiveCfg = Debug|Any CPU
		{D1230C1B-631B-4983-A2C2-835CAF1EC1B8}.Debug|x64.Build.0 = Debug|Any CPU
		{D1230C1B-631B-4983-A2C2-835CAF1EC1B8}.Debug|x86.ActiveCfg = Debug|Any CPU
		{D1230C1B-631B-4983-A2C2-835CAF1EC1B8}.Debug|x86.Build.0 = Debug|Any CPU
		{D1230C1B-631B-4983-A2C2-835CAF1EC1B8}.Release|Any CPU.ActiveCfg = Release|Any CPU
		{D1230C1B-631B-4983-A2C2-835CAF1EC1B8}.Release|Any CPU.Build.0 = Release|Any CPU
		{D1230C1B-631B-4983-A2C2-835CAF1EC1B8}.Release|x64.ActiveCfg = Release|Any CPU
		{D1230C1B-631B-4983-A2C2-835CAF1EC1B8}.Release|x64.Build.0 = Release|Any CPU
		{D1230C1B-631B-4983-A2C2-835CAF1EC1B8}.Release|x86.ActiveCfg = Release|Any CPU
		{D1230C1B-631B-4983-A2C2-835CAF1EC1B8}.Release|x86.Build.0 = Release|Any CPU
		{8B17186A-F2E3-4375-B796-3B1B9277B49E}.Debug|Any CPU.ActiveCfg = Debug|Any CPU
		{8B17186A-F2E3-4375-B796-3B1B9277B49E}.Debug|Any CPU.Build.0 = Debug|Any CPU
		{8B17186A-F2E3-4375-B796-3B1B9277B49E}.Debug|x64.ActiveCfg = Debug|Any CPU
		{8B17186A-F2E3-4375-B796-3B1B9277B49E}.Debug|x64.Build.0 = Debug|Any CPU
		{8B17186A-F2E3-4375-B796-3B1B9277B49E}.Debug|x86.ActiveCfg = Debug|Any CPU
		{8B17186A-F2E3-4375-B796-3B1B9277B49E}.Debug|x86.Build.0 = Debug|Any CPU
		{8B17186A-F2E3-4375-B796-3B1B9277B49E}.Release|Any CPU.ActiveCfg = Release|Any CPU
		{8B17186A-F2E3-4375-B796-3B1B9277B49E}.Release|Any CPU.Build.0 = Release|Any CPU
		{8B17186A-F2E3-4375-B796-3B1B9277B49E}.Release|x64.ActiveCfg = Release|Any CPU
		{8B17186A-F2E3-4375-B796-3B1B9277B49E}.Release|x64.Build.0 = Release|Any CPU
		{8B17186A-F2E3-4375-B796-3B1B9277B49E}.Release|x86.ActiveCfg = Release|Any CPU
		{8B17186A-F2E3-4375-B796-3B1B9277B49E}.Release|x86.Build.0 = Release|Any CPU
		{A5468581-8513-47DE-825B-494C488E57FD}.Debug|Any CPU.ActiveCfg = Debug|Any CPU
		{A5468581-8513-47DE-825B-494C488E57FD}.Debug|Any CPU.Build.0 = Debug|Any CPU
		{A5468581-8513-47DE-825B-494C488E57FD}.Debug|x64.ActiveCfg = Debug|Any CPU
		{A5468581-8513-47DE-825B-494C488E57FD}.Debug|x64.Build.0 = Debug|Any CPU
		{A5468581-8513-47DE-825B-494C488E57FD}.Debug|x86.ActiveCfg = Debug|Any CPU
		{A5468581-8513-47DE-825B-494C488E57FD}.Debug|x86.Build.0 = Debug|Any CPU
		{A5468581-8513-47DE-825B-494C488E57FD}.Release|Any CPU.ActiveCfg = Release|Any CPU
		{A5468581-8513-47DE-825B-494C488E57FD}.Release|Any CPU.Build.0 = Release|Any CPU
		{A5468581-8513-47DE-825B-494C488E57FD}.Release|x64.ActiveCfg = Release|Any CPU
		{A5468581-8513-47DE-825B-494C488E57FD}.Release|x64.Build.0 = Release|Any CPU
		{A5468581-8513-47DE-825B-494C488E57FD}.Release|x86.ActiveCfg = Release|Any CPU
		{A5468581-8513-47DE-825B-494C488E57FD}.Release|x86.Build.0 = Release|Any CPU
		{FB0DDA41-3734-4331-B605-BE7BCA7497EF}.Debug|Any CPU.ActiveCfg = Debug|Any CPU
		{FB0DDA41-3734-4331-B605-BE7BCA7497EF}.Debug|Any CPU.Build.0 = Debug|Any CPU
		{FB0DDA41-3734-4331-B605-BE7BCA7497EF}.Debug|x64.ActiveCfg = Debug|Any CPU
		{FB0DDA41-3734-4331-B605-BE7BCA7497EF}.Debug|x64.Build.0 = Debug|Any CPU
		{FB0DDA41-3734-4331-B605-BE7BCA7497EF}.Debug|x86.ActiveCfg = Debug|Any CPU
		{FB0DDA41-3734-4331-B605-BE7BCA7497EF}.Debug|x86.Build.0 = Debug|Any CPU
		{FB0DDA41-3734-4331-B605-BE7BCA7497EF}.Release|Any CPU.ActiveCfg = Release|Any CPU
		{FB0DDA41-3734-4331-B605-BE7BCA7497EF}.Release|Any CPU.Build.0 = Release|Any CPU
		{FB0DDA41-3734-4331-B605-BE7BCA7497EF}.Release|x64.ActiveCfg = Release|Any CPU
		{FB0DDA41-3734-4331-B605-BE7BCA7497EF}.Release|x64.Build.0 = Release|Any CPU
		{FB0DDA41-3734-4331-B605-BE7BCA7497EF}.Release|x86.ActiveCfg = Release|Any CPU
		{FB0DDA41-3734-4331-B605-BE7BCA7497EF}.Release|x86.Build.0 = Release|Any CPU
	EndGlobalSection
	GlobalSection(SolutionProperties) = preSolution
		HideSolutionNode = FALSE
	EndGlobalSection
	GlobalSection(NestedProjects) = preSolution
		{984BB9B3-3FA3-BE33-9484-CAC21695A33C} = {827E0CD3-B72D-47B6-A68D-7590B98EB39B}
		{374CED38-7421-B0F7-DFE2-3AF3B9F49E7C} = {984BB9B3-3FA3-BE33-9484-CAC21695A33C}
		{687E48F0-5AA8-47E4-BE19-5D00A2F3B4CD} = {374CED38-7421-B0F7-DFE2-3AF3B9F49E7C}
		{6F85755D-A6EF-45A0-9E27-DBFE862DA0EE} = {374CED38-7421-B0F7-DFE2-3AF3B9F49E7C}
		{17B469D7-1156-406E-82E7-5C57EBA6DDDD} = {374CED38-7421-B0F7-DFE2-3AF3B9F49E7C}
		{CA4EFD1F-99A8-4B6A-A5E2-3C8D790DE4FF} = {374CED38-7421-B0F7-DFE2-3AF3B9F49E7C}
		{3FB03296-F262-2760-9861-73C41AF3766C} = {984BB9B3-3FA3-BE33-9484-CAC21695A33C}
		{90AEA8A9-CC25-45EB-8A1B-C3CDFDBD98BF} = {3FB03296-F262-2760-9861-73C41AF3766C}
		{9B799504-0FC4-4C20-8683-A0DB197B3C64} = {3FB03296-F262-2760-9861-73C41AF3766C}
		{332E5EED-DAF6-4A39-AF91-8150AE0F57B7} = {3FB03296-F262-2760-9861-73C41AF3766C}
		{D26F3691-7A23-44F5-B46C-5294FD0DA456} = {3FB03296-F262-2760-9861-73C41AF3766C}
		{B851199A-4979-E597-3D50-97AC5992BBAF} = {984BB9B3-3FA3-BE33-9484-CAC21695A33C}
		{D1230C1B-631B-4983-A2C2-835CAF1EC1B8} = {B851199A-4979-E597-3D50-97AC5992BBAF}
		{8B17186A-F2E3-4375-B796-3B1B9277B49E} = {B851199A-4979-E597-3D50-97AC5992BBAF}
		{A5468581-8513-47DE-825B-494C488E57FD} = {B851199A-4979-E597-3D50-97AC5992BBAF}
		{FB0DDA41-3734-4331-B605-BE7BCA7497EF} = {B851199A-4979-E597-3D50-97AC5992BBAF}
	EndGlobalSection
EndGlobal
